
Microsoft Visual Studio Solution File, Format Version 12.00
# Visual Studio 15
VisualStudioVersion = 15.0.27703.2000
MinimumVisualStudioVersion = 10.0.40219.1
Project("{2150E333-8FDC-42A3-9474-1A3956D46DE8}") = "Arrays", "Arrays", "{CA3D5798-F400-40B6-8134-F52624A96083}"
EndProject
Project("{FAE04EC0-301F-11D3-BF4B-00C04F79EFBC}") = "04_Circular_Queue", "03_Circular_Queue\04_Circular_Queue.csproj", "{4FC37D9D-201C-4640-A82E-0C1D7B7C89A6}"
EndProject
Project("{FAE04EC0-301F-11D3-BF4B-00C04F79EFBC}") = "05_Histogram_of_array", "05_Histogram_of_array\05_Histogram_of_array.csproj", "{B5C3D0CB-D8F9-4FCA-97BD-6440A4EC1116}"
EndProject
Global
	GlobalSection(SolutionConfigurationPlatforms) = preSolution
		Debug|Any CPU = Debug|Any CPU
		Release|Any CPU = Release|Any CPU
	EndGlobalSection
	GlobalSection(ProjectConfigurationPlatforms) = postSolution
		{4FC37D9D-201C-4640-A82E-0C1D7B7C89A6}.Debug|Any CPU.ActiveCfg = Debug|Any CPU
		{4FC37D9D-201C-4640-A82E-0C1D7B7C89A6}.Debug|Any CPU.Build.0 = Debug|Any CPU
		{4FC37D9D-201C-4640-A82E-0C1D7B7C89A6}.Release|Any CPU.ActiveCfg = Release|Any CPU
		{4FC37D9D-201C-4640-A82E-0C1D7B7C89A6}.Release|Any CPU.Build.0 = Release|Any CPU
		{B5C3D0CB-D8F9-4FCA-97BD-6440A4EC1116}.Debug|Any CPU.ActiveCfg = Debug|Any CPU
		{B5C3D0CB-D8F9-4FCA-97BD-6440A4EC1116}.Debug|Any CPU.Build.0 = Debug|Any CPU
		{B5C3D0CB-D8F9-4FCA-97BD-6440A4EC1116}.Release|Any CPU.ActiveCfg = Release|Any CPU
		{B5C3D0CB-D8F9-4FCA-97BD-6440A4EC1116}.Release|Any CPU.Build.0 = Release|Any CPU
	EndGlobalSection
	GlobalSection(SolutionProperties) = preSolution
		HideSolutionNode = FALSE
	EndGlobalSection
	GlobalSection(NestedProjects) = preSolution
		{4FC37D9D-201C-4640-A82E-0C1D7B7C89A6} = {CA3D5798-F400-40B6-8134-F52624A96083}
		{B5C3D0CB-D8F9-4FCA-97BD-6440A4EC1116} = {CA3D5798-F400-40B6-8134-F52624A96083}
	EndGlobalSection
	GlobalSection(ExtensibilityGlobals) = postSolution
		SolutionGuid = {5C362839-F5F4-4297-A60A-980E7F3C01CD}
	EndGlobalSection
EndGlobal
